codeberg.org/miekg/dns v0.6.118 h1:OGqwrxdJvXHeX7711q4YKYly+PG7C4AwP2v6jPqwJFU=
codeberg.org/miekg/dns v0.6.118/go.mod h1:vbidSyLJl5JcDUL2LrXCUjRYSFa5tJweseQox0GOrTk=
go.yaml.in/yaml/v4 v4.0.0-rc.6 h1:1h7H1ohdUh93/FyE4YaDa1Zh64K6VVbjF4K6WUxMtH4=
go.yaml.in/yaml/v4 v4.0.0-rc.6/go.mod h1:aZqd9kCMsGL7AuUv/m/PvWLdg5sjJsZ4oHDEnfPPfY0=
golang.org/x/crypto v0.57.0 h1:3ZVCjf8Ggz7zneR/EHRVx68Ctf+2pmIMP2UFhh9cC6M=
golang.org/x/crypto v0.57.0/go.mod h1:Fdz0i5U6CoizGwLda9DttjSk6qlZo25zYNtR+ycvuZA=
golang.org/x/net v0.60.0 h1:79p50tfZlm0J9YfoDsSi639qSXNGVwEzOPLCxM2FsYU=
golang.org/x/net v0.60.0/go.mod h1:2DA/G1UfVbCpQPeWTmMPGY7Cs2PkBkwu743bVX5PIVg=
golang.org/x/sync v0.24.0 h1:iqiDrGoDgyuvAKrhLQthUEzU/R378N78gXbBjxed7oA=
golang.org/x/sync v0.24.0/go.mod h1:sUUOizhqBxiL6pEWpqNLUiaJn1ShEbZ6BBqskPbjZm0=
golang.org/x/sys v0.49.0 h1:XbzkgYJHdqh/8m2Uu0W/dQv8nktxx4BFHp1M0gROTXA=
golang.org/x/sys v0.49.0/go.mod h1:hNLxWAXmnKAxqDtdwIYC4bM9oQPEecfsnNMuSxOs3og=
